
Microsoft Visual Studio Solution File, Format Version 12.00
# Visual Studio Version 16
VisualStudioVersion = 16.0.29519.87
MinimumVisualStudioVersion = 10.0.40219.1
Project("{FAE04EC0-301F-11D3-BF4B-00C04F79EFBC}") = "Buffonova ihla", "WindowsFormsApp25\Buffonova ihla.csproj", "{A2AAD421-1079-4C39-90DA-F9A2BEBFF886}"
EndProject
Global
	GlobalSection(SolutionConfigurationPlatforms) = preSolution
		Debug|Any CPU = Debug|Any CPU
		Release|Any CPU = Release|Any CPU
	EndGlobalSection
	GlobalSection(ProjectConfigurationPlatforms) = postSolution
		{A2AAD421-1079-4C39-90DA-F9A2BEBFF886}.Debug|Any CPU.ActiveCfg = Debug|Any CPU
		{A2AAD421-1079-4C39-90DA-F9A2BEBFF886}.Debug|Any CPU.Build.0 = Debug|Any CPU
		{A2AAD421-1079-4C39-90DA-F9A2BEBFF886}.Release|Any CPU.ActiveCfg = Release|Any CPU
		{A2AAD421-1079-4C39-90DA-F9A2BEBFF886}.Release|Any CPU.Build.0 = Release|Any CPU
	EndGlobalSection
	GlobalSection(SolutionProperties) = preSolution
		HideSolutionNode = FALSE
	EndGlobalSection
	GlobalSection(ExtensibilityGlobals) = postSolution
		SolutionGuid = {E8044DEA-20B0-4ED6-92E5-6349B980A4FE}
	EndGlobalSection
EndGlobal
